
Microsoft Visual Studio Solution File, Format Version 12.00
# Visual Studio Version 16
VisualStudioVersion = 16.0.32413.511
MinimumVisualStudioVersion = 10.0.40219.1
Project("{FAE04EC0-301F-11D3-BF4B-00C04F79EFBC}") = "WebApplication20", "WebApplication20\WebApplication20.csproj", "{27850C85-1B3D-4FC5-8ABF-C4A839027FC3}"
EndProject
Global
	GlobalSection(SolutionConfigurationPlatforms) = preSolution
		Debug|Any CPU = Debug|Any CPU
		Release|Any CPU = Release|Any CPU
	EndGlobalSection
	GlobalSection(ProjectConfigurationPlatforms) = postSolution
		{27850C85-1B3D-4FC5-8ABF-C4A839027FC3}.Debug|Any CPU.ActiveCfg = Debug|Any CPU
		{27850C85-1B3D-4FC5-8ABF-C4A839027FC3}.Debug|Any CPU.Build.0 = Debug|Any CPU
		{27850C85-1B3D-4FC5-8ABF-C4A839027FC3}.Release|Any CPU.ActiveCfg = Release|Any CPU
		{27850C85-1B3D-4FC5-8ABF-C4A839027FC3}.Release|Any CPU.Build.0 = Release|Any CPU
	EndGlobalSection
	GlobalSection(SolutionProperties) = preSolution
		HideSolutionNode = FALSE
	EndGlobalSection
	GlobalSection(ExtensibilityGlobals) = postSolution
		SolutionGuid = {76326894-803D-4168-BBEA-2C5BE5B29207}
	EndGlobalSection
EndGlobal
